
Microsoft Visual Studio Solution File, Format Version 12.00
# Visual Studio 15
VisualStudioVersion = 15.0.28016.0
MinimumVisualStudioVersion = 10.0.40219.1
Project("{2150E333-8FDC-42A3-9474-1A3956D46DE8}") = "src", "src", "{BCD749B1-52CF-455B-B683-FAC87E27FD84}"
EndProject
Project("{2150E333-8FDC-42A3-9474-1A3956D46DE8}") = "tests", "tests", "{CAAD117C-79EA-4372-9285-2EB23C4B275C}"
EndProject
Project("{9A19103F-16F7-4668-BE54-9A1E7A4F7556}") = "FluentHttpClientTests", "tests\FluentHttpClientTests\FluentHttpClientTests.csproj", "{5C6A81EA-EDD2-431A-9E33-5DEABC6B23CA}"
EndProject
Project("{FAE04EC0-301F-11D3-BF4B-00C04F79EFBC}") = "FluentHttpClient", "src\FluentHttpClient\FluentHttpClient.csproj", "{446189F4-2777-46C7-943D-B379E71F9EA6}"
EndProject
Global
	GlobalSection(SolutionConfigurationPlatforms) = preSolution
		Debug|Any CPU = Debug|Any CPU
		Release|Any CPU = Release|Any CPU
	EndGlobalSection
	GlobalSection(ProjectConfigurationPlatforms) = postSolution
		{5C6A81EA-EDD2-431A-9E33-5DEABC6B23CA}.Debug|Any CPU.ActiveCfg = Debug|Any CPU
		{5C6A81EA-EDD2-431A-9E33-5DEABC6B23CA}.Debug|Any CPU.Build.0 = Debug|Any CPU
		{5C6A81EA-EDD2-431A-9E33-5DEABC6B23CA}.Release|Any CPU.ActiveCfg = Release|Any CPU
		{5C6A81EA-EDD2-431A-9E33-5DEABC6B23CA}.Release|Any CPU.Build.0 = Release|Any CPU
		{446189F4-2777-46C7-943D-B379E71F9EA6}.Debug|Any CPU.ActiveCfg = Debug|Any CPU
		{446189F4-2777-46C7-943D-B379E71F9EA6}.Debug|Any CPU.Build.0 = Debug|Any CPU
		{446189F4-2777-46C7-943D-B379E71F9EA6}.Release|Any CPU.ActiveCfg = Release|Any CPU
		{446189F4-2777-46C7-943D-B379E71F9EA6}.Release|Any CPU.Build.0 = Release|Any CPU
	EndGlobalSection
	GlobalSection(SolutionProperties) = preSolution
		HideSolutionNode = FALSE
	EndGlobalSection
	GlobalSection(NestedProjects) = preSolution
		{5C6A81EA-EDD2-431A-9E33-5DEABC6B23CA} = {CAAD117C-79EA-4372-9285-2EB23C4B275C}
		{446189F4-2777-46C7-943D-B379E71F9EA6} = {BCD749B1-52CF-455B-B683-FAC87E27FD84}
	EndGlobalSection
	GlobalSection(ExtensibilityGlobals) = postSolution
		SolutionGuid = {EFE0000D-BA06-4095-AFBA-4305B882A31B}
	EndGlobalSection
EndGlobal
